
Microsoft Visual Studio Solution File, Format Version 12.00
# Visual Studio Version 17
VisualStudioVersion = 17.12.35527.113
MinimumVisualStudioVersion = 10.0.40219.1
Project("{FAE04EC0-301F-11D3-BF4B-00C04F79EFBC}") = "OrigamiCraneGH", "OrigamiCraneGH\OrigamiCraneGH.csproj", "{50ACB368-0BE0-4941-85D5-E3CE1B28718A}"
EndProject
Project("{8BC9CEB8-8B4A-11D0-8D11-00A0C91BC942}") = "PInvokeCGAL", "PInvokeCGAL\PInvokeCGAL.vcxproj", "{363B3DA1-D6CC-422C-A132-0F3FF709C32B}"
EndProject
Project("{FAE04EC0-301F-11D3-BF4B-00C04F79EFBC}") = "PInvokeCSharp", "PInvokeCSharp\PInvokeCSharp.csproj", "{602CCFE4-6E48-406E-A3D8-57668EC5325C}"
EndProject
Global
	GlobalSection(SolutionConfigurationPlatforms) = preSolution
		Debug|Any CPU = Debug|Any CPU
		Debug|x64 = Debug|x64
		Debug|x86 = Debug|x86
		Release|Any CPU = Release|Any CPU
		Release|x64 = Release|x64
		Release|x86 = Release|x86
	EndGlobalSection
	GlobalSection(ProjectConfigurationPlatforms) = postSolution
		{50ACB368-0BE0-4941-85D5-E3CE1B28718A}.Debug|Any CPU.ActiveCfg = Debug|Any CPU
		{50ACB368-0BE0-4941-85D5-E3CE1B28718A}.Debug|Any CPU.Build.0 = Debug|Any CPU
		{50ACB368-0BE0-4941-85D5-E3CE1B28718A}.Debug|x64.ActiveCfg = Debug|Any CPU
		{50ACB368-0BE0-4941-85D5-E3CE1B28718A}.Debug|x64.Build.0 = Debug|Any CPU
		{50ACB368-0BE0-4941-85D5-E3CE1B28718A}.Debug|x86.ActiveCfg = Debug|Any CPU
		{50ACB368-0BE0-4941-85D5-E3CE1B28718A}.Debug|x86.Build.0 = Debug|Any CPU
		{50ACB368-0BE0-4941-85D5-E3CE1B28718A}.Release|Any CPU.ActiveCfg = Release|Any CPU
		{50ACB368-0BE0-4941-85D5-E3CE1B28718A}.Release|Any CPU.Build.0 = Release|Any CPU
		{50ACB368-0BE0-4941-85D5-E3CE1B28718A}.Release|x64.ActiveCfg = Release|Any CPU
		{50ACB368-0BE0-4941-85D5-E3CE1B28718A}.Release|x64.Build.0 = Release|Any CPU
		{50ACB368-0BE0-4941-85D5-E3CE1B28718A}.Release|x86.ActiveCfg = Release|Any CPU
		{50ACB368-0BE0-4941-85D5-E3CE1B28718A}.Release|x86.Build.0 = Release|Any CPU
		{363B3DA1-D6CC-422C-A132-0F3FF709C32B}.Debug|Any CPU.ActiveCfg = Debug|x64
		{363B3DA1-D6CC-422C-A132-0F3FF709C32B}.Debug|Any CPU.Build.0 = Debug|x64
		{363B3DA1-D6CC-422C-A132-0F3FF709C32B}.Debug|x64.ActiveCfg = Debug|x64
		{363B3DA1-D6CC-422C-A132-0F3FF709C32B}.Debug|x64.Build.0 = Debug|x64
		{363B3DA1-D6CC-422C-A132-0F3FF709C32B}.Debug|x86.ActiveCfg = Debug|Win32
		{363B3DA1-D6CC-422C-A132-0F3FF709C32B}.Debug|x86.Build.0 = Debug|Win32
		{363B3DA1-D6CC-422C-A132-0F3FF709C32B}.Release|Any CPU.ActiveCfg = Release|x64
		{363B3DA1-D6CC-422C-A132-0F3FF709C32B}.Release|Any CPU.Build.0 = Release|x64
		{363B3DA1-D6CC-422C-A132-0F3FF709C32B}.Release|x64.ActiveCfg = Release|x64
		{363B3DA1-D6CC-422C-A132-0F3FF709C32B}.Release|x64.Build.0 = Release|x64
		{363B3DA1-D6CC-422C-A132-0F3FF709C32B}.Release|x86.ActiveCfg = Release|Win32
		{363B3DA1-D6CC-422C-A132-0F3FF709C32B}.Release|x86.Build.0 = Release|Win32
		{602CCFE4-6E48-406E-A3D8-57668EC5325C}.Debug|Any CPU.ActiveCfg = Debug|Any CPU
		{602CCFE4-6E48-406E-A3D8-57668EC5325C}.Debug|Any CPU.Build.0 = Debug|Any CPU
		{602CCFE4-6E48-406E-A3D8-57668EC5325C}.Debug|x64.ActiveCfg = Debug|Any CPU
		{602CCFE4-6E48-406E-A3D8-57668EC5325C}.Debug|x64.Build.0 = Debug|Any CPU
		{602CCFE4-6E48-406E-A3D8-57668EC5325C}.Debug|x86.ActiveCfg = Debug|Any CPU
		{602CCFE4-6E48-406E-A3D8-57668EC5325C}.Debug|x86.Build.0 = Debug|Any CPU
		{602CCFE4-6E48-406E-A3D8-57668EC5325C}.Release|Any CPU.ActiveCfg = Release|Any CPU
		{602CCFE4-6E48-406E-A3D8-57668EC5325C}.Release|Any CPU.Build.0 = Release|Any CPU
		{602CCFE4-6E48-406E-A3D8-57668EC5325C}.Release|x64.ActiveCfg = Release|Any CPU
		{602CCFE4-6E48-406E-A3D8-57668EC5325C}.Release|x64.Build.0 = Release|Any CPU
		{602CCFE4-6E48-406E-A3D8-57668EC5325C}.Release|x86.ActiveCfg = Release|Any CPU
		{602CCFE4-6E48-406E-A3D8-57668EC5325C}.Release|x86.Build.0 = Release|Any CPU
	EndGlobalSection
	GlobalSection(SolutionProperties) = preSolution
		HideSolutionNode = FALSE
	EndGlobalSection
EndGlobal
